
Microsoft Visual Studio Solution File, Format Version 12.00
# Visual Studio Version 17
VisualStudioVersion = 17.9.34607.119
MinimumVisualStudioVersion = 10.0.40219.1
Project("{FAE04EC0-301F-11D3-BF4B-00C04F79EFBC}") = "global2.NET", "global2.NET.csproj", "{B070E9C1-3625-4B52-A56A-4B248F267975}"
EndProject
Project("{FAE04EC0-301F-11D3-BF4B-00C04F79EFBC}") = "global2.NET.Database", "..\global2.NET.Database\global2.NET.Database.csproj", "{7D9ADE34-671D-4BF8-9BF5-3E8A6FB910B0}"
EndProject
Project("{FAE04EC0-301F-11D3-BF4B-00C04F79EFBC}") = "global2.NET.Repository", "..\global2.NET.Repository\global2.NET.Repository.csproj", "{F22490EC-8853-452E-ABFA-48C47AB52485}"
EndProject
Project("{FAE04EC0-301F-11D3-BF4B-00C04F79EFBC}") = "global2.NET.Service", "..\global2.NET.Service\global2.NET.Service.csproj", "{3B00A26D-1A4E-4BB9-BB51-EDC3DB9240D7}"
EndProject
Project("{FAE04EC0-301F-11D3-BF4B-00C04F79EFBC}") = "global2.NET.Tests", "..\global2.NET.Tests\global2.NET.Tests.csproj", "{6FEA341E-5C3C-4F0E-8B82-F98135A34AFE}"
EndProject
Global
	GlobalSection(SolutionConfigurationPlatforms) = preSolution
		Debug|Any CPU = Debug|Any CPU
		Release|Any CPU = Release|Any CPU
	EndGlobalSection
	GlobalSection(ProjectConfigurationPlatforms) = postSolution
		{B070E9C1-3625-4B52-A56A-4B248F267975}.Debug|Any CPU.ActiveCfg = Debug|Any CPU
		{B070E9C1-3625-4B52-A56A-4B248F267975}.Debug|Any CPU.Build.0 = Debug|Any CPU
		{B070E9C1-3625-4B52-A56A-4B248F267975}.Release|Any CPU.ActiveCfg = Release|Any CPU
		{B070E9C1-3625-4B52-A56A-4B248F267975}.Release|Any CPU.Build.0 = Release|Any CPU
		{7D9ADE34-671D-4BF8-9BF5-3E8A6FB910B0}.Debug|Any CPU.ActiveCfg = Debug|Any CPU
		{7D9ADE34-671D-4BF8-9BF5-3E8A6FB910B0}.Debug|Any CPU.Build.0 = Debug|Any CPU
		{7D9ADE34-671D-4BF8-9BF5-3E8A6FB910B0}.Release|Any CPU.ActiveCfg = Release|Any CPU
		{7D9ADE34-671D-4BF8-9BF5-3E8A6FB910B0}.Release|Any CPU.Build.0 = Release|Any CPU
		{F22490EC-8853-452E-ABFA-48C47AB52485}.Debug|Any CPU.ActiveCfg = Debug|Any CPU
		{F22490EC-8853-452E-ABFA-48C47AB52485}.Debug|Any CPU.Build.0 = Debug|Any CPU
		{F22490EC-8853-452E-ABFA-48C47AB52485}.Release|Any CPU.ActiveCfg = Release|Any CPU
		{F22490EC-8853-452E-ABFA-48C47AB52485}.Release|Any CPU.Build.0 = Release|Any CPU
		{3B00A26D-1A4E-4BB9-BB51-EDC3DB9240D7}.Debug|Any CPU.ActiveCfg = Debug|Any CPU
		{3B00A26D-1A4E-4BB9-BB51-EDC3DB9240D7}.Debug|Any CPU.Build.0 = Debug|Any CPU
		{3B00A26D-1A4E-4BB9-BB51-EDC3DB9240D7}.Release|Any CPU.ActiveCfg = Release|Any CPU
		{3B00A26D-1A4E-4BB9-BB51-EDC3DB9240D7}.Release|Any CPU.Build.0 = Release|Any CPU
		{6FEA341E-5C3C-4F0E-8B82-F98135A34AFE}.Debug|Any CPU.ActiveCfg = Debug|Any CPU
		{6FEA341E-5C3C-4F0E-8B82-F98135A34AFE}.Debug|Any CPU.Build.0 = Debug|Any CPU
		{6FEA341E-5C3C-4F0E-8B82-F98135A34AFE}.Release|Any CPU.ActiveCfg = Release|Any CPU
		{6FEA341E-5C3C-4F0E-8B82-F98135A34AFE}.Release|Any CPU.Build.0 = Release|Any CPU
	EndGlobalSection
	GlobalSection(SolutionProperties) = preSolution
		HideSolutionNode = FALSE
	EndGlobalSection
	GlobalSection(ExtensibilityGlobals) = postSolution
		SolutionGuid = {277C624B-4F9B-4462-B702-B33ECF8E08B8}
	EndGlobalSection
EndGlobal
